
Microsoft Visual Studio Solution File, Format Version 12.00
# Visual Studio Version 17
VisualStudioVersion = 17.9.34701.34
MinimumVisualStudioVersion = 10.0.40219.1
Project("{9A19103F-16F7-4668-BE54-9A1E7A4F7556}") = "Todo.Api", "Todo.Api\Todo.Api.csproj", "{75D03947-51AE-4217-AB74-127D0E6AD15A}"
EndProject
Project("{9A19103F-16F7-4668-BE54-9A1E7A4F7556}") = "Todo.DataAccess", "Todo.DataAccess\Todo.DataAccess.csproj", "{3D1C616B-9467-4A33-8E6A-BC7B663FB9D8}"
EndProject
Project("{9A19103F-16F7-4668-BE54-9A1E7A4F7556}") = "Todo.Domain", "Todo.Domain\Todo.Domain.csproj", "{9C59678E-2378-4926-8B7E-153BAC74A9D4}"
EndProject
Project("{9A19103F-16F7-4668-BE54-9A1E7A4F7556}") = "Todo.Services", "Todo.Services\Todo.Services.csproj", "{B1683E43-3681-4147-AB68-D8675B86A66D}"
EndProject
Project("{9A19103F-16F7-4668-BE54-9A1E7A4F7556}") = "Todo.Tests", "Todo.Tests\Todo.Tests.csproj", "{C1E1A25E-D776-421C-B61F-61537A9A047F}"
EndProject
Global
	GlobalSection(SolutionConfigurationPlatforms) = preSolution
		Debug|Any CPU = Debug|Any CPU
		Release|Any CPU = Release|Any CPU
	EndGlobalSection
	GlobalSection(ProjectConfigurationPlatforms) = postSolution
		{75D03947-51AE-4217-AB74-127D0E6AD15A}.Debug|Any CPU.ActiveCfg = Debug|Any CPU
		{75D03947-51AE-4217-AB74-127D0E6AD15A}.Debug|Any CPU.Build.0 = Debug|Any CPU
		{75D03947-51AE-4217-AB74-127D0E6AD15A}.Release|Any CPU.ActiveCfg = Release|Any CPU
		{75D03947-51AE-4217-AB74-127D0E6AD15A}.Release|Any CPU.Build.0 = Release|Any CPU
		{3D1C616B-9467-4A33-8E6A-BC7B663FB9D8}.Debug|Any CPU.ActiveCfg = Debug|Any CPU
		{3D1C616B-9467-4A33-8E6A-BC7B663FB9D8}.Debug|Any CPU.Build.0 = Debug|Any CPU
		{3D1C616B-9467-4A33-8E6A-BC7B663FB9D8}.Release|Any CPU.ActiveCfg = Release|Any CPU
		{3D1C616B-9467-4A33-8E6A-BC7B663FB9D8}.Release|Any CPU.Build.0 = Release|Any CPU
		{9C59678E-2378-4926-8B7E-153BAC74A9D4}.Debug|Any CPU.ActiveCfg = Debug|Any CPU
		{9C59678E-2378-4926-8B7E-153BAC74A9D4}.Debug|Any CPU.Build.0 = Debug|Any CPU
		{9C59678E-2378-4926-8B7E-153BAC74A9D4}.Release|Any CPU.ActiveCfg = Release|Any CPU
		{9C59678E-2378-4926-8B7E-153BAC74A9D4}.Release|Any CPU.Build.0 = Release|Any CPU
		{B1683E43-3681-4147-AB68-D8675B86A66D}.Debug|Any CPU.ActiveCfg = Debug|Any CPU
		{B1683E43-3681-4147-AB68-D8675B86A66D}.Debug|Any CPU.Build.0 = Debug|Any CPU
		{B1683E43-3681-4147-AB68-D8675B86A66D}.Release|Any CPU.ActiveCfg = Release|Any CPU
		{B1683E43-3681-4147-AB68-D8675B86A66D}.Release|Any CPU.Build.0 = Release|Any CPU
		{C1E1A25E-D776-421C-B61F-61537A9A047F}.Debug|Any CPU.ActiveCfg = Debug|Any CPU
		{C1E1A25E-D776-421C-B61F-61537A9A047F}.Debug|Any CPU.Build.0 = Debug|Any CPU
		{C1E1A25E-D776-421C-B61F-61537A9A047F}.Release|Any CPU.ActiveCfg = Release|Any CPU
		{C1E1A25E-D776-421C-B61F-61537A9A047F}.Release|Any CPU.Build.0 = Release|Any CPU
	EndGlobalSection
	GlobalSection(SolutionProperties) = preSolution
		HideSolutionNode = FALSE
	EndGlobalSection
	GlobalSection(ExtensibilityGlobals) = postSolution
		SolutionGuid = {F4B0914A-4BF5-4B33-A314-2AAB0011094B}
	EndGlobalSection
EndGlobal
